// !$*UTF8*$!
{
	archiveVersion = 1;
	classes = {
	};
	objectVersion = 50;
	objects = {

/* Begin PBXBuildFile section */
		829D9D3D212C04F80024F165 /* AppDelegate.m in Sources */ = {isa = PBXBuildFile; fileRef = 829D9D3C212C04F80024F165 /* AppDelegate.m */; };
		829D9D45212C05040024F165 /* Assets.xcassets in Resources */ = {isa = PBXBuildFile; fileRef = 829D9D44212C05040024F165 /* Assets.xcassets */; };
		829D9D48212C05040024F165 /* LaunchScreen.storyboard in Resources */ = {isa = PBXBuildFile; fileRef = 829D9D46212C05040024F165 /* LaunchScreen.storyboard */; };
		829D9D4B212C05040024F165 /* main.m in Sources */ = {isa = PBXBuildFile; fileRef = 829D9D4A212C05040024F165 /* main.m */; };
		829D9D55212C05040024F165 /* UGOU2Tests.m in Sources */ = {isa = PBXBuildFile; fileRef = 829D9D54212C05040024F165 /* UGOU2Tests.m */; };
		829D9D60212C05040024F165 /* UGOU2UITests.m in Sources */ = {isa = PBXBuildFile; fileRef = 829D9D5F212C05040024F165 /* UGOU2UITests.m */; };
		829D9D6E212C05750024F165 /* Info.plist in Resources */ = {isa = PBXBuildFile; fileRef = 829D9D6D212C05750024F165 /* Info.plist */; };
/* End PBXBuildFile section */

/* Begin PBXContainerItemProxy section */
		829D9D51212C05040024F165 /* PBXContainerItemProxy */ = {
			isa = PBXContainerItemProxy;
			containerPortal = 829D9D30212C04F80024F165 /* Project object */;
			proxyType = 1;
			remoteGlobalIDString = 829D9D37212C04F80024F165;
			remoteInfo = UGOU2;
		};
		829D9D5C212C05040024F165 /* PBXContainerItemProxy */ = {
			isa = PBXContainerItemProxy;
			containerPortal = 829D9D30212C04F80024F165 /* Project object */;
			proxyType = 1;
			remoteGlobalIDString = 829D9D37212C04F80024F165;
			remoteInfo = UGOU2;
		};
/* End PBXContainerItemProxy section */

/* Begin PBXFileReference section */
		829D9D38212C04F80024F165 /* UGOU2.app */ = {isa = PBXFileReference; explicitFileType = wrapper.application; includeInIndex = 0; path = UGOU2.app; sourceTree = BUILT_PRODUCTS_DIR; };
		829D9D3B212C04F80024F165 /* AppDelegate.h */ = {isa = PBXFileReference; lastKnownFileType = sourcecode.c.h; path = AppDelegate.h; sourceTree = "<group>"; };
		829D9D3C212C04F80024F165 /* AppDelegate.m */ = {isa = PBXFileReference; lastKnownFileType = sourcecode.c.objc; path = AppDelegate.m; sourceTree = "<group>"; };
		829D9D44212C05040024F165 /* Assets.xcassets */ = {isa = PBXFileReference; lastKnownFileType = folder.assetcatalog; path = Assets.xcassets; sourceTree = "<group>"; };
		829D9D47212C05040024F165 /* Base */ = {isa = PBXFileReference; lastKnownFileType = file.storyboard; name = Base; path = Base.lproj/LaunchScreen.storyboard; sourceTree = "<group>"; };
		829D9D4A212C05040024F165 /* main.m */ = {isa = PBXFileReference; lastKnownFileType = sourcecode.c.objc; path = main.m; sourceTree = "<group>"; };
		829D9D50212C05040024F165 /* UGOU2Tests.xctest */ = {isa = PBXFileReference; explicitFileType = wrapper.cfbundle; includeInIndex = 0; path = UGOU2Tests.xctest; sourceTree = BUILT_PRODUCTS_DIR; };
		829D9D54212C05040024F165 /* UGOU2Tests.m */ = {isa = PBXFileReference; lastKnownFileType = sourcecode.c.objc; path = UGOU2Tests.m; sourceTree = "<group>"; };
		829D9D56212C05040024F165 /* Info.plist */ = {isa = PBXFileReference; lastKnownFileType = text.plist.xml; path = Info.plist; sourceTree = "<group>"; };
		829D9D5B212C05040024F165 /* UGOU2UITests.xctest */ = {isa = PBXFileReference; explicitFileType = wrapper.cfbundle; includeInIndex = 0; path = UGOU2UITests.xctest; sourceTree = BUILT_PRODUCTS_DIR; };
		829D9D5F212C05040024F165 /* UGOU2UITests.m */ = {isa = PBXFileReference; lastKnownFileType = sourcecode.c.objc; path = UGOU2UITests.m; sourceTree = "<group>"; };
		829D9D61212C05040024F165 /* Info.plist */ = {isa = PBXFileReference; lastKnownFileType = text.plist.xml; path = Info.plist; sourceTree = "<group>"; };
		829D9D6D212C05750024F165 /* Info.plist */ = {isa = PBXFileReference; fileEncoding = 4; lastKnownFileType = text.plist.xml; path = Info.plist; sourceTree = "<group>"; };
/* End PBXFileReference section */

/* Begin PBXFrameworksBuildPhase section */
		829D9D35212C04F80024F165 /* Frameworks */ = {
			isa = PBXFrameworksBuildPhase;
			buildActionMask = 2147483647;
			files = (
			);
			runOnlyForDeploymentPostprocessing = 0;
		};
		829D9D4D212C05040024F165 /* Frameworks */ = {
			isa = PBXFrameworksBuildPhase;
			buildActionMask = 2147483647;
			files = (
			);
			runOnlyForDeploymentPostprocessing = 0;
		};
		829D9D58212C05040024F165 /* Frameworks */ = {
			isa = PBXFrameworksBuildPhase;
			buildActionMask = 2147483647;
			files = (
			);
			runOnlyForDeploymentPostprocessing = 0;
		};
/* End PBXFrameworksBuildPhase section */

/* Begin PBXGroup section */
		829D9D2F212C04F80024F165 = {
			isa = PBXGroup;
			children = (
				829D9D3A212C04F80024F165 /* UGOU2 */,
				829D9D53212C05040024F165 /* UGOU2Tests */,
				829D9D5E212C05040024F165 /* UGOU2UITests */,
				829D9D39212C04F80024F165 /* Products */,
			);
			sourceTree = "<group>";
		};
		829D9D39212C04F80024F165 /* Products */ = {
			isa = PBXGroup;
			children = (
				829D9D38212C04F80024F165 /* UGOU2.app */,
				829D9D50212C05040024F165 /* UGOU2Tests.xctest */,
				829D9D5B212C05040024F165 /* UGOU2UITests.xctest */,
			);
			name = Products;
			sourceTree = "<group>";
		};
		829D9D3A212C04F80024F165 /* UGOU2 */ = {
			isa = PBXGroup;
			children = (
				829D9D3B212C04F80024F165 /* AppDelegate.h */,
				829D9D3C212C04F80024F165 /* AppDelegate.m */,
				829D9D44212C05040024F165 /* Assets.xcassets */,
				829D9D46212C05040024F165 /* LaunchScreen.storyboard */,
				829D9D6D212C05750024F165 /* Info.plist */,
				829D9D4A212C05040024F165 /* main.m */,
			);
			path = UGOU2;
			sourceTree = "<group>";
		};
		829D9D53212C05040024F165 /* UGOU2Tests */ = {
			isa = PBXGroup;
			children = (
				829D9D54212C05040024F165 /* UGOU2Tests.m */,
				829D9D56212C05040024F165 /* Info.plist */,
			);
			path = UGOU2Tests;
			sourceTree = "<group>";
		};
		829D9D5E212C05040024F165 /* UGOU2UITests */ = {
			isa = PBXGroup;
			children = (
				829D9D5F212C05040024F165 /* UGOU2UITests.m */,
				829D9D61212C05040024F165 /* Info.plist */,
			);
			path = UGOU2UITests;
			sourceTree = "<group>";
		};
/* End PBXGroup section */

/* Begin PBXNativeTarget section */
		829D9D37212C04F80024F165 /* UGOU2 */ = {
			isa = PBXNativeTarget;
			buildConfigurationList = 829D9D64212C05040024F165 /* Build configuration list for PBXNativeTarget "UGOU2" */;
			buildPhases = (
				829D9D34212C04F80024F165 /* Sources */,
				829D9D35212C04F80024F165 /* Frameworks */,
				829D9D36212C04F80024F165 /* Resources */,
			);
			buildRules = (
			);
			dependencies = (
			);
			name = UGOU2;
			productName = UGOU2;
			productReference = 829D9D38212C04F80024F165 /* UGOU2.app */;
			productType = "com.apple.product-type.application";
		};
		829D9D4F212C05040024F165 /* UGOU2Tests */ = {
			isa = PBXNativeTarget;
			buildConfigurationList = 829D9D67212C05040024F165 /* Build configuration list for PBXNativeTarget "UGOU2Tests" */;
			buildPhases = (
				829D9D4C212C05040024F165 /* Sources */,
				829D9D4D212C05040024F165 /* Frameworks */,
				829D9D4E212C05040024F165 /* Resources */,
			);
			buildRules = (
			);
			dependencies = (
				829D9D52212C05040024F165 /* PBXTargetDependency */,
			);
			name = UGOU2Tests;
			productName = UGOU2Tests;
			productReference = 829D9D50212C05040024F165 /* UGOU2Tests.xctest */;
			productType = "com.apple.product-type.bundle.unit-test";
		};
		829D9D5A212C05040024F165 /* UGOU2UITests */ = {
			isa = PBXNativeTarget;
			buildConfigurationList = 829D9D6A212C05040024F165 /* Build configuration list for PBXNativeTarget "UGOU2UITests" */;
			buildPhases = (
				829D9D57212C05040024F165 /* Sources */,
				829D9D58212C05040024F165 /* Frameworks */,
				829D9D59212C05040024F165 /* Resources */,
			);
			buildRules = (
			);
			dependencies = (
				829D9D5D212C05040024F165 /* PBXTargetDependency */,
			);
			name = UGOU2UITests;
			productName = UGOU2UITests;
			productReference = 829D9D5B212C05040024F165 /* UGOU2UITests.xctest */;
			productType = "com.apple.product-type.bundle.ui-testing";
		};
/* End PBXNativeTarget section */

/* Begin PBXProject section */
		829D9D30212C04F80024F165 /* Project object */ = {
			isa = PBXProject;
			attributes = {
				LastUpgradeCheck = 0940;
				ORGANIZATIONNAME = "靓萌服饰靓萌服饰";
				TargetAttributes = {
					829D9D37212C04F80024F165 = {
						CreatedOnToolsVersion = 9.4.1;
					};
					829D9D4F212C05040024F165 = {
						CreatedOnToolsVersion = 9.4.1;
						TestTargetID = 829D9D37212C04F80024F165;
					};
					829D9D5A212C05040024F165 = {
						CreatedOnToolsVersion = 9.4.1;
						TestTargetID = 829D9D37212C04F80024F165;
					};
				};
			};
			buildConfigurationList = 829D9D33212C04F80024F165 /* Build configuration list for PBXProject "UGOU2" */;
			compatibilityVersion = "Xcode 9.3";
			developmentRegion = en;
			hasScannedForEncodings = 0;
			knownRegions = (
				en,
				Base,
			);
			mainGroup = 829D9D2F212C04F80024F165;
			productRefGroup = 829D9D39212C04F80024F165 /* Products */;
			projectDirPath = "";
			projectRoot = "";
			targets = (
				829D9D37212C04F80024F165 /* UGOU2 */,
				829D9D4F212C05040024F165 /* UGOU2Tests */,
				829D9D5A212C05040024F165 /* UGOU2UITests */,
			);
		};
/* End PBXProject section */

/* Begin PBXResourcesBuildPhase section */
		829D9D36212C04F80024F165 /* Resources */ = {
			isa = PBXResourcesBuildPhase;
			buildActionMask = 2147483647;
			files = (
				829D9D48212C05040024F165 /* LaunchScreen.storyboard in Resources */,
				829D9D45212C05040024F165 /* Assets.xcassets in Resources */,
				829D9D6E212C05750024F165 /* Info.plist in Resources */,
			);
			runOnlyForDeploymentPostprocessing = 0;
		};
		829D9D4E212C05040024F165 /* Resources */ = {
			isa = PBXResourcesBuildPhase;
			buildActionMask = 2147483647;
			files = (
			);
			runOnlyForDeploymentPostprocessing = 0;
		};
		829D9D59212C05040024F165 /* Resources */ = {
			isa = PBXResourcesBuildPhase;
			buildActionMask = 2147483647;
			files = (
			);
			runOnlyForDeploymentPostprocessing = 0;
		};
/* End PBXResourcesBuildPhase section */

/* Begin PBXSourcesBuildPhase section */
		829D9D34212C04F80024F165 /* Sources */ = {
			isa = PBXSourcesBuildPhase;
			buildActionMask = 2147483647;
			files = (
				829D9D4B212C05040024F165 /* main.m in Sources */,
				829D9D3D212C04F80024F165 /* AppDelegate.m in Sources */,
			);
			runOnlyForDeploymentPostprocessing = 0;
		};
		829D9D4C212C05040024F165 /* Sources */ = {
			isa = PBXSourcesBuildPhase;
			buildActionMask = 2147483647;
			files = (
				829D9D55212C05040024F165 /* UGOU2Tests.m in Sources */,
			);
			runOnlyForDeploymentPostprocessing = 0;
		};
		829D9D57212C05040024F165 /* Sources */ = {
			isa = PBXSourcesBuildPhase;
			buildActionMask = 2147483647;
			files = (
				829D9D60212C05040024F165 /* UGOU2UITests.m in Sources */,
			);
			runOnlyForDeploymentPostprocessing = 0;
		};
/* End PBXSourcesBuildPhase section */

/* Begin PBXTargetDependency section */
		829D9D52212C05040024F165 /* PBXTargetDependency */ = {
			isa = PBXTargetDependency;
			target = 829D9D37212C04F80024F165 /* UGOU2 */;
			targetProxy = 829D9D51212C05040024F165 /* PBXContainerItemProxy */;
		};
		829D9D5D212C05040024F165 /* PBXTargetDependency */ = {
			isa = PBXTargetDependency;
			target = 829D9D37212C04F80024F165 /* UGOU2 */;
			targetProxy = 829D9D5C212C05040024F165 /* PBXContainerItemProxy */;
		};
/* End PBXTargetDependency section */

/* Begin PBXVariantGroup section */
		829D9D46212C05040024F165 /* LaunchScreen.storyboard */ = {
			isa = PBXVariantGroup;
			children = (
				829D9D47212C05040024F165 /* Base */,
			);
			name = LaunchScreen.storyboard;
			sourceTree = "<group>";
		};
/* End PBXVariantGroup section */

/* Begin XCBuildConfiguration section */
		829D9D62212C05040024F165 /* Debug */ = {
			isa = XCBuildConfiguration;
			buildSettings = {
				ALWAYS_SEARCH_USER_PATHS = NO;
				CLANG_ANALYZER_NONNULL = YES;
				CLANG_ANALYZER_NUMBER_OBJECT_CONVERSION = YES_AGGRESSIVE;
				CLANG_CXX_LANGUAGE_STANDARD = "gnu++14";
				CLANG_CXX_LIBRARY = "libc++";
				CLANG_ENABLE_MODULES = YES;
				CLANG_ENABLE_OBJC_ARC = YES;
				CLANG_ENABLE_OBJC_WEAK = YES;
				CLANG_WARN_BLOCK_CAPTURE_AUTORELEASING = YES;
				CLANG_WARN_BOOL_CONVERSION = YES;
				CLANG_WARN_COMMA = YES;
				CLANG_WARN_CONSTANT_CONVERSION = YES;
				CLANG_WARN_DEPRECATED_OBJC_IMPLEMENTATIONS = YES;
				CLANG_WARN_DIRECT_OBJC_ISA_USAGE = YES_ERROR;
				CLANG_WARN_DOCUMENTATION_COMMENTS = YES;
				CLANG_WARN_EMPTY_BODY = YES;
				CLANG_WARN_ENUM_CONVERSION = YES;
				CLANG_WARN_INFINITE_RECURSION = YES;
				CLANG_WARN_INT_CONVERSION = YES;
				CLANG_WARN_NON_LITERAL_NULL_CONVERSION = YES;
				CLANG_WARN_OBJC_IMPLICIT_RETAIN_SELF = YES;
				CLANG_WARN_OBJC_LITERAL_CONVERSION = YES;
				CLANG_WARN_OBJC_ROOT_CLASS = YES_ERROR;
				CLANG_WARN_RANGE_LOOP_ANALYSIS = YES;
				CLANG_WARN_STRICT_PROTOTYPES = YES;
				CLANG_WARN_SUSPICIOUS_MOVE = YES;
				CLANG_WARN_UNGUARDED_AVAILABILITY = YES_AGGRESSIVE;
				CLANG_WARN_UNREACHABLE_CODE = YES;
				CLANG_WARN__DUPLICATE_METHOD_MATCH = YES;
				CODE_SIGN_IDENTITY = "iPhone Developer";
				COPY_PHASE_STRIP = NO;
				DEBUG_INFORMATION_FORMAT = dwarf;
				ENABLE_STRICT_OBJC_MSGSEND = YES;
				ENABLE_TESTABILITY = YES;
				GCC_C_LANGUAGE_STANDARD = gnu11;
				GCC_DYNAMIC_NO_PIC = NO;
				GCC_NO_COMMON_BLOCKS = YES;
				GCC_OPTIMIZATION_LEVEL = 0;
				GCC_PREPROCESSOR_DEFINITIONS = (
					"DEBUG=1",
					"$(inherited)",
				);
				GCC_WARN_64_TO_32_BIT_CONVERSION = YES;
				GCC_WARN_ABOUT_RETURN_TYPE = YES_ERROR;
				GCC_WARN_UNDECLARED_SELECTOR = YES;
				GCC_WARN_UNINITIALIZED_AUTOS = YES_AGGRESSIVE;
				GCC_WARN_UNUSED_FUNCTION = YES;
				GCC_WARN_UNUSED_VARIABLE = YES;
				IPHONEOS_DEPLOYMENT_TARGET = 11.4;
				MTL_ENABLE_DEBUG_INFO = YES;
				ONLY_ACTIVE_ARCH = YES;
				SDKROOT = iphoneos;
			};
			name = Debug;
		};
		829D9D63212C05040024F165 /* Release */ = {
			isa = XCBuildConfiguration;
			buildSettings = {
				ALWAYS_SEARCH_USER_PATHS = NO;
				CLANG_ANALYZER_NONNULL = YES;
				CLANG_ANALYZER_NUMBER_OBJECT_CONVERSION = YES_AGGRESSIVE;
				CLANG_CXX_LANGUAGE_STANDARD = "gnu++14";
				CLANG_CXX_LIBRARY = "libc++";
				CLANG_ENABLE_MODULES = YES;
				CLANG_ENABLE_OBJC_ARC = YES;
				CLANG_ENABLE_OBJC_WEAK = YES;
				CLANG_WARN_BLOCK_CAPTURE_AUTORELEASING = YES;
				CLANG_WARN_BOOL_CONVERSION = YES;
				CLANG_WARN_COMMA = YES;
				CLANG_WARN_CONSTANT_CONVERSION = YES;
				CLANG_WARN_DEPRECATED_OBJC_IMPLEMENTATIONS = YES;
				CLANG_WARN_DIRECT_OBJC_ISA_USAGE = YES_ERROR;
				CLANG_WARN_DOCUMENTATION_COMMENTS = YES;
				CLANG_WARN_EMPTY_BODY = YES;
				CLANG_WARN_ENUM_CONVERSION = YES;
				CLANG_WARN_INFINITE_RECURSION = YES;
				CLANG_WARN_INT_CONVERSION = YES;
				CLANG_WARN_NON_LITERAL_NULL_CONVERSION = YES;
				CLANG_WARN_OBJC_IMPLICIT_RETAIN_SELF = YES;
				CLANG_WARN_OBJC_LITERAL_CONVERSION = YES;
				CLANG_WARN_OBJC_ROOT_CLASS = YES_ERROR;
				CLANG_WARN_RANGE_LOOP_ANALYSIS = YES;
				CLANG_WARN_STRICT_PROTOTYPES = YES;
				CLANG_WARN_SUSPICIOUS_MOVE = YES;
				CLANG_WARN_UNGUARDED_AVAILABILITY = YES_AGGRESSIVE;
				CLANG_WARN_UNREACHABLE_CODE = YES;
				CLANG_WARN__DUPLICATE_METHOD_MATCH = YES;
				CODE_SIGN_IDENTITY = "iPhone Developer";
				COPY_PHASE_STRIP = NO;
				DEBUG_INFORMATION_FORMAT = "dwarf-with-dsym";
				ENABLE_NS_ASSERTIONS = NO;
				ENABLE_STRICT_OBJC_MSGSEND = YES;
				GCC_C_LANGUAGE_STANDARD = gnu11;
				GCC_NO_COMMON_BLOCKS = YES;
				GCC_WARN_64_TO_32_BIT_CONVERSION = YES;
				GCC_WARN_ABOUT_RETURN_TYPE = YES_ERROR;
				GCC_WARN_UNDECLARED_SELECTOR = YES;
				GCC_WARN_UNINITIALIZED_AUTOS = YES_AGGRESSIVE;
				GCC_WARN_UNUSED_FUNCTION = YES;
				GCC_WARN_UNUSED_VARIABLE = YES;
				IPHONEOS_DEPLOYMENT_TARGET = 11.4;
				MTL_ENABLE_DEBUG_INFO = NO;
				SDKROOT = iphoneos;
				VALIDATE_PRODUCT = YES;
			};
			name = Release;
		};
		829D9D65212C05040024F165 /* Debug */ = {
			isa = XCBuildConfiguration;
			buildSettings = {
				ASSETCATALOG_COMPILER_APPICON_NAME = AppIcon;
				CODE_SIGN_STYLE = Automatic;
				DEVELOPMENT_TEAM = 6CUR897C43;
				INFOPLIST_FILE = UGOU2/Info.plist;
				LD_RUNPATH_SEARCH_PATHS = (
					"$(inherited)",
					"@executable_path/Frameworks",
				);
				PRODUCT_BUNDLE_IDENTIFIER = com.liangmeng.sdjnugou;
				PRODUCT_NAME = "$(TARGET_NAME)";
				TARGETED_DEVICE_FAMILY = "1,2";
			};
			name = Debug;
		};
		829D9D66212C05040024F165 /* Release */ = {
			isa = XCBuildConfiguration;
			buildSettings = {
				ASSETCATALOG_COMPILER_APPICON_NAME = AppIcon;
				CODE_SIGN_STYLE = Automatic;
				DEVELOPMENT_TEAM = 6CUR897C43;
				INFOPLIST_FILE = UGOU2/Info.plist;
				LD_RUNPATH_SEARCH_PATHS = (
					"$(inherited)",
					"@executable_path/Frameworks",
				);
				PRODUCT_BUNDLE_IDENTIFIER = com.liangmeng.sdjnugou;
				PRODUCT_NAME = "$(TARGET_NAME)";
				TARGETED_DEVICE_FAMILY = "1,2";
			};
			name = Release;
		};
		829D9D68212C05040024F165 /* Debug */ = {
			isa = XCBuildConfiguration;
			buildSettings = {
				BUNDLE_LOADER = "$(TEST_HOST)";
				CODE_SIGN_STYLE = Automatic;
				DEVELOPMENT_TEAM = 6CUR897C43;
				INFOPLIST_FILE = UGOU2Tests/Info.plist;
				LD_RUNPATH_SEARCH_PATHS = (
					"$(inherited)",
					"@executable_path/Frameworks",
					"@loader_path/Frameworks",
				);
				PRODUCT_BUNDLE_IDENTIFIER = yingmeng.UGOU2Tests;
				PRODUCT_NAME = "$(TARGET_NAME)";
				TARGETED_DEVICE_FAMILY = "1,2";
				TEST_HOST = "$(BUILT_PRODUCTS_DIR)/UGOU2.app/UGOU2";
			};
			name = Debug;
		};
		829D9D69212C05040024F165 /* Release */ = {
			isa = XCBuildConfiguration;
			buildSettings = {
				BUNDLE_LOADER = "$(TEST_HOST)";
				CODE_SIGN_STYLE = Automatic;
				DEVELOPMENT_TEAM = 6CUR897C43;
				INFOPLIST_FILE = UGOU2Tests/Info.plist;
				LD_RUNPATH_SEARCH_PATHS = (
					"$(inherited)",
					"@executable_path/Frameworks",
					"@loader_path/Frameworks",
				);
				PRODUCT_BUNDLE_IDENTIFIER = yingmeng.UGOU2Tests;
				PRODUCT_NAME = "$(TARGET_NAME)";
				TARGETED_DEVICE_FAMILY = "1,2";
				TEST_HOST = "$(BUILT_PRODUCTS_DIR)/UGOU2.app/UGOU2";
			};
			name = Release;
		};
		829D9D6B212C05040024F165 /* Debug */ = {
			isa = XCBuildConfiguration;
			buildSettings = {
				CODE_SIGN_STYLE = Automatic;
				DEVELOPMENT_TEAM = 6CUR897C43;
				INFOPLIST_FILE = UGOU2UITests/Info.plist;
				LD_RUNPATH_SEARCH_PATHS = (
					"$(inherited)",
					"@executable_path/Frameworks",
					"@loader_path/Frameworks",
				);
				PRODUCT_BUNDLE_IDENTIFIER = yingmeng.UGOU2UITests;
				PRODUCT_NAME = "$(TARGET_NAME)";
				TARGETED_DEVICE_FAMILY = "1,2";
				TEST_TARGET_NAME = UGOU2;
			};
			name = Debug;
		};
		829D9D6C212C05040024F165 /* Release */ = {
			isa = XCBuildConfiguration;
			buildSettings = {
				CODE_SIGN_STYLE = Automatic;
				DEVELOPMENT_TEAM = 6CUR897C43;
				INFOPLIST_FILE = UGOU2UITests/Info.plist;
				LD_RUNPATH_SEARCH_PATHS = (
					"$(inherited)",
					"@executable_path/Frameworks",
					"@loader_path/Frameworks",
				);
				PRODUCT_BUNDLE_IDENTIFIER = yingmeng.UGOU2UITests;
				PRODUCT_NAME = "$(TARGET_NAME)";
				TARGETED_DEVICE_FAMILY = "1,2";
				TEST_TARGET_NAME = UGOU2;
			};
			name = Release;
		};
/* End XCBuildConfiguration section */

/* Begin XCConfigurationList section */
		829D9D33212C04F80024F165 /* Build configuration list for PBXProject "UGOU2" */ = {
			isa = XCConfigurationList;
			buildConfigurations = (
				829D9D62212C05040024F165 /* Debug */,
				829D9D63212C05040024F165 /* Release */,
			);
			defaultConfigurationIsVisible = 0;
			defaultConfigurationName = Release;
		};
		829D9D64212C05040024F165 /* Build configuration list for PBXNativeTarget "UGOU2" */ = {
			isa = XCConfigurationList;
			buildConfigurations = (
				829D9D65212C05040024F165 /* Debug */,
				829D9D66212C05040024F165 /* Release */,
			);
			defaultConfigurationIsVisible = 0;
			defaultConfigurationName = Release;
		};
		829D9D67212C05040024F165 /* Build configuration list for PBXNativeTarget "UGOU2Tests" */ = {
			isa = XCConfigurationList;
			buildConfigurations = (
				829D9D68212C05040024F165 /* Debug */,
				829D9D69212C05040024F165 /* Release */,
			);
			defaultConfigurationIsVisible = 0;
			defaultConfigurationName = Release;
		};
		829D9D6A212C05040024F165 /* Build configuration list for PBXNativeTarget "UGOU2UITests" */ = {
			isa = XCConfigurationList;
			buildConfigurations = (
				829D9D6B212C05040024F165 /* Debug */,
				829D9D6C212C05040024F165 /* Release */,
			);
			defaultConfigurationIsVisible = 0;
			defaultConfigurationName = Release;
		};
/* End XCConfigurationList section */
	};
	rootObject = 829D9D30212C04F80024F165 /* Project object */;
}
